
Microsoft Visual Studio Solution File, Format Version 12.00
# Visual Studio 15
VisualStudioVersion = 15.0.28010.2019
MinimumVisualStudioVersion = 10.0.40219.1
Project("{FAE04EC0-301F-11D3-BF4B-00C04F79EFBC}") = "WTGwebb", "WTGwebb\WTGwebb.csproj", "{20C4D458-0FD8-4F0B-9F9F-D6558B68D12B}"
EndProject
Global
	GlobalSection(SolutionConfigurationPlatforms) = preSolution
		Debug|Any CPU = Debug|Any CPU
		Release|Any CPU = Release|Any CPU
	EndGlobalSection
	GlobalSection(ProjectConfigurationPlatforms) = postSolution
		{20C4D458-0FD8-4F0B-9F9F-D6558B68D12B}.Debug|Any CPU.ActiveCfg = Debug|Any CPU
		{20C4D458-0FD8-4F0B-9F9F-D6558B68D12B}.Debug|Any CPU.Build.0 = Debug|Any CPU
		{20C4D458-0FD8-4F0B-9F9F-D6558B68D12B}.Release|Any CPU.ActiveCfg = Release|Any CPU
		{20C4D458-0FD8-4F0B-9F9F-D6558B68D12B}.Release|Any CPU.Build.0 = Release|Any CPU
	EndGlobalSection
	GlobalSection(SolutionProperties) = preSolution
		HideSolutionNode = FALSE
	EndGlobalSection
	GlobalSection(ExtensibilityGlobals) = postSolution
		SolutionGuid = {82BB5EDD-2C89-4E2C-9C29-1128ED5F5764}
	EndGlobalSection
EndGlobal
